{
  "requires": true,
  "lockfileVersion": 1,
  "dependencies": {
    "num-words": {
      "version": "1.0.1",
      "resolved": "https://registry.npmjs.org/num-words/-/num-words-1.0.1.tgz",
      "integrity": "sha512-NI9d8aeFYXs1i3LTkv+o3vqDp0XuP9OT1sNzaCtEMyU3ofaDFfd0GZSPelN+cRHTh7ldJfq6uAIRCQzIZPJMzw=="
    }
  }
}
